
Microsoft Visual Studio Solution File, Format Version 12.00
# Visual Studio Version 16
VisualStudioVersion = 16.0.808.3
MinimumVisualStudioVersion = 10.0.40219.1
Project("{FAE04EC0-301F-11D3-BF4B-00C04F79EFBC}") = "AdventOfCode2020", "AdventOfCode2020\AdventOfCode2020.csproj", "{E1EF7193-5967-4059-ADB1-5E5704286F3F}"
EndProject
Global
	GlobalSection(SolutionConfigurationPlatforms) = preSolution
		Debug|Any CPU = Debug|Any CPU
		Release|Any CPU = Release|Any CPU
	EndGlobalSection
	GlobalSection(ProjectConfigurationPlatforms) = postSolution
		{E1EF7193-5967-4059-ADB1-5E5704286F3F}.Debug|Any CPU.ActiveCfg = Debug|Any CPU
		{E1EF7193-5967-4059-ADB1-5E5704286F3F}.Debug|Any CPU.Build.0 = Debug|Any CPU
		{E1EF7193-5967-4059-ADB1-5E5704286F3F}.Release|Any CPU.ActiveCfg = Release|Any CPU
		{E1EF7193-5967-4059-ADB1-5E5704286F3F}.Release|Any CPU.Build.0 = Release|Any CPU
	EndGlobalSection
	GlobalSection(SolutionProperties) = preSolution
		HideSolutionNode = FALSE
	EndGlobalSection
	GlobalSection(ExtensibilityGlobals) = postSolution
		SolutionGuid = {32481291-CC31-427F-93B8-40E5C5B510D3}
	EndGlobalSection
EndGlobal
